
Microsoft Visual Studio Solution File, Format Version 12.00
# Visual Studio Version 17
VisualStudioVersion = 17.5.33424.131
MinimumVisualStudioVersion = 10.0.40219.1
Project("{8BC9CEB8-8B4A-11D0-8D11-00A0C91BC942}") = "gtest", "D:\Новая папка (5)\build\gtest\gtest.vcxproj", "{4D26459C-FCE6-3640-BD7A-ACD81BED3963}"
EndProject
Project("{8BC9CEB8-8B4A-11D0-8D11-00A0C91BC942}") = "listlib", "D:\12345\mp2-lab5-polinoms\build\listlib\listlib.vcxproj", "{6069D992-03FC-3870-B831-CFF433C8DE7C}"
EndProject
Project("{8BC9CEB8-8B4A-11D0-8D11-00A0C91BC942}") = "polinom", "D:\12345\mp2-lab5-polinoms\build\polinom\polinom.vcxproj", "{FAF77DD6-86EE-3D84-AC79-575A5666F40B}"
EndProject
Project("{8BC9CEB8-8B4A-11D0-8D11-00A0C91BC942}") = "polinomlib", "D:\12345\mp2-lab5-polinoms\build\polinomlib\polinomlib.vcxproj", "{94907771-F32D-3C44-B233-E7B0BE5BAC4D}"
EndProject
Project("{8BC9CEB8-8B4A-11D0-8D11-00A0C91BC942}") = "polinomtest", "D:\12345\mp2-lab5-polinoms\build\polinomtest\polinomtest.vcxproj", "{55288F5F-1229-3072-A60C-0CC8323B1228}"
EndProject
Project("{8BC9CEB8-8B4A-11D0-8D11-00A0C91BC942}") = "postfix", "postfix\postfix.vcxproj", "{51A4C428-67F5-4426-B1A5-73677A699FA0}"
EndProject
Project("{8BC9CEB8-8B4A-11D0-8D11-00A0C91BC942}") = "postfixlib", "postfixlib\postfixlib.vcxproj", "{754BC5FC-0846-4F53-983C-CFEB4AC79E73}"
EndProject
Project("{8BC9CEB8-8B4A-11D0-8D11-00A0C91BC942}") = "stack", "stakc\stakc.vcxproj", "{AD0354B0-ADD7-405D-83BA-D4AFFB554ACB}"
EndProject
Project("{8BC9CEB8-8B4A-11D0-8D11-00A0C91BC942}") = "stacklib", "stacklib\stacklib.vcxproj", "{8720349F-6293-49C3-B0AF-47E610134ECC}"
EndProject
Project("{8BC9CEB8-8B4A-11D0-8D11-00A0C91BC942}") = "test", "test\test.vcxproj", "{C8F3BAEB-6C69-4DD1-B1C7-BC444A15E8FF}"
EndProject
Global
	GlobalSection(SolutionConfigurationPlatforms) = preSolution
		Debug|x64 = Debug|x64
		Debug|x86 = Debug|x86
		Release|x64 = Release|x64
		Release|x86 = Release|x86
	EndGlobalSection
	GlobalSection(ProjectConfigurationPlatforms) = postSolution
		{4D26459C-FCE6-3640-BD7A-ACD81BED3963}.Debug|x64.ActiveCfg = Debug|x64
		{4D26459C-FCE6-3640-BD7A-ACD81BED3963}.Debug|x64.Build.0 = Debug|x64
		{4D26459C-FCE6-3640-BD7A-ACD81BED3963}.Debug|x86.ActiveCfg = Debug|x64
		{4D26459C-FCE6-3640-BD7A-ACD81BED3963}.Debug|x86.Build.0 = Debug|x64
		{4D26459C-FCE6-3640-BD7A-ACD81BED3963}.Release|x64.ActiveCfg = Release|x64
		{4D26459C-FCE6-3640-BD7A-ACD81BED3963}.Release|x64.Build.0 = Release|x64
		{4D26459C-FCE6-3640-BD7A-ACD81BED3963}.Release|x86.ActiveCfg = Release|x64
		{4D26459C-FCE6-3640-BD7A-ACD81BED3963}.Release|x86.Build.0 = Release|x64
		{6069D992-03FC-3870-B831-CFF433C8DE7C}.Debug|x64.ActiveCfg = Debug|x64
		{6069D992-03FC-3870-B831-CFF433C8DE7C}.Debug|x64.Build.0 = Debug|x64
		{6069D992-03FC-3870-B831-CFF433C8DE7C}.Debug|x86.ActiveCfg = Debug|x64
		{6069D992-03FC-3870-B831-CFF433C8DE7C}.Debug|x86.Build.0 = Debug|x64
		{6069D992-03FC-3870-B831-CFF433C8DE7C}.Release|x64.ActiveCfg = Release|x64
		{6069D992-03FC-3870-B831-CFF433C8DE7C}.Release|x64.Build.0 = Release|x64
		{6069D992-03FC-3870-B831-CFF433C8DE7C}.Release|x86.ActiveCfg = Release|x64
		{6069D992-03FC-3870-B831-CFF433C8DE7C}.Release|x86.Build.0 = Release|x64
		{FAF77DD6-86EE-3D84-AC79-575A5666F40B}.Debug|x64.ActiveCfg = Debug|x64
		{FAF77DD6-86EE-3D84-AC79-575A5666F40B}.Debug|x64.Build.0 = Debug|x64
		{FAF77DD6-86EE-3D84-AC79-575A5666F40B}.Debug|x86.ActiveCfg = Debug|x64
		{FAF77DD6-86EE-3D84-AC79-575A5666F40B}.Debug|x86.Build.0 = Debug|x64
		{FAF77DD6-86EE-3D84-AC79-575A5666F40B}.Release|x64.ActiveCfg = Release|x64
		{FAF77DD6-86EE-3D84-AC79-575A5666F40B}.Release|x64.Build.0 = Release|x64
		{FAF77DD6-86EE-3D84-AC79-575A5666F40B}.Release|x86.ActiveCfg = Release|x64
		{FAF77DD6-86EE-3D84-AC79-575A5666F40B}.Release|x86.Build.0 = Release|x64
		{94907771-F32D-3C44-B233-E7B0BE5BAC4D}.Debug|x64.ActiveCfg = Debug|x64
		{94907771-F32D-3C44-B233-E7B0BE5BAC4D}.Debug|x64.Build.0 = Debug|x64
		{94907771-F32D-3C44-B233-E7B0BE5BAC4D}.Debug|x86.ActiveCfg = Debug|x64
		{94907771-F32D-3C44-B233-E7B0BE5BAC4D}.Debug|x86.Build.0 = Debug|x64
		{94907771-F32D-3C44-B233-E7B0BE5BAC4D}.Release|x64.ActiveCfg = Release|x64
		{94907771-F32D-3C44-B233-E7B0BE5BAC4D}.Release|x64.Build.0 = Release|x64
		{94907771-F32D-3C44-B233-E7B0BE5BAC4D}.Release|x86.ActiveCfg = Release|x64
		{94907771-F32D-3C44-B233-E7B0BE5BAC4D}.Release|x86.Build.0 = Release|x64
		{55288F5F-1229-3072-A60C-0CC8323B1228}.Debug|x64.ActiveCfg = Debug|x64
		{55288F5F-1229-3072-A60C-0CC8323B1228}.Debug|x64.Build.0 = Debug|x64
		{55288F5F-1229-3072-A60C-0CC8323B1228}.Debug|x86.ActiveCfg = Debug|x64
		{55288F5F-1229-3072-A60C-0CC8323B1228}.Debug|x86.Build.0 = Debug|x64
		{55288F5F-1229-3072-A60C-0CC8323B1228}.Release|x64.ActiveCfg = Release|x64
		{55288F5F-1229-3072-A60C-0CC8323B1228}.Release|x64.Build.0 = Release|x64
		{55288F5F-1229-3072-A60C-0CC8323B1228}.Release|x86.ActiveCfg = Release|x64
		{55288F5F-1229-3072-A60C-0CC8323B1228}.Release|x86.Build.0 = Release|x64
		{51A4C428-67F5-4426-B1A5-73677A699FA0}.Debug|x64.ActiveCfg = Debug|x64
		{51A4C428-67F5-4426-B1A5-73677A699FA0}.Debug|x64.Build.0 = Debug|x64
		{51A4C428-67F5-4426-B1A5-73677A699FA0}.Debug|x86.ActiveCfg = Debug|Win32
		{51A4C428-67F5-4426-B1A5-73677A699FA0}.Debug|x86.Build.0 = Debug|Win32
		{51A4C428-67F5-4426-B1A5-73677A699FA0}.Release|x64.ActiveCfg = Release|x64
		{51A4C428-67F5-4426-B1A5-73677A699FA0}.Release|x64.Build.0 = Release|x64
		{51A4C428-67F5-4426-B1A5-73677A699FA0}.Release|x86.ActiveCfg = Release|Win32
		{51A4C428-67F5-4426-B1A5-73677A699FA0}.Release|x86.Build.0 = Release|Win32
		{754BC5FC-0846-4F53-983C-CFEB4AC79E73}.Debug|x64.ActiveCfg = Debug|x64
		{754BC5FC-0846-4F53-983C-CFEB4AC79E73}.Debug|x64.Build.0 = Debug|x64
		{754BC5FC-0846-4F53-983C-CFEB4AC79E73}.Debug|x86.ActiveCfg = Debug|Win32
		{754BC5FC-0846-4F53-983C-CFEB4AC79E73}.Debug|x86.Build.0 = Debug|Win32
		{754BC5FC-0846-4F53-983C-CFEB4AC79E73}.Release|x64.ActiveCfg = Release|x64
		{754BC5FC-0846-4F53-983C-CFEB4AC79E73}.Release|x64.Build.0 = Release|x64
		{754BC5FC-0846-4F53-983C-CFEB4AC79E73}.Release|x86.ActiveCfg = Release|Win32
		{754BC5FC-0846-4F53-983C-CFEB4AC79E73}.Release|x86.Build.0 = Release|Win32
		{AD0354B0-ADD7-405D-83BA-D4AFFB554ACB}.Debug|x64.ActiveCfg = Debug|x64
		{AD0354B0-ADD7-405D-83BA-D4AFFB554ACB}.Debug|x64.Build.0 = Debug|x64
		{AD0354B0-ADD7-405D-83BA-D4AFFB554ACB}.Debug|x86.ActiveCfg = Debug|Win32
		{AD0354B0-ADD7-405D-83BA-D4AFFB554ACB}.Debug|x86.Build.0 = Debug|Win32
		{AD0354B0-ADD7-405D-83BA-D4AFFB554ACB}.Release|x64.ActiveCfg = Release|x64
		{AD0354B0-ADD7-405D-83BA-D4AFFB554ACB}.Release|x64.Build.0 = Release|x64
		{AD0354B0-ADD7-405D-83BA-D4AFFB554ACB}.Release|x86.ActiveCfg = Release|Win32
		{AD0354B0-ADD7-405D-83BA-D4AFFB554ACB}.Release|x86.Build.0 = Release|Win32
		{8720349F-6293-49C3-B0AF-47E610134ECC}.Debug|x64.ActiveCfg = Debug|x64
		{8720349F-6293-49C3-B0AF-47E610134ECC}.Debug|x64.Build.0 = Debug|x64
		{8720349F-6293-49C3-B0AF-47E610134ECC}.Debug|x86.ActiveCfg = Debug|Win32
		{8720349F-6293-49C3-B0AF-47E610134ECC}.Debug|x86.Build.0 = Debug|Win32
		{8720349F-6293-49C3-B0AF-47E610134ECC}.Release|x64.ActiveCfg = Release|x64
		{8720349F-6293-49C3-B0AF-47E610134ECC}.Release|x64.Build.0 = Release|x64
		{8720349F-6293-49C3-B0AF-47E610134ECC}.Release|x86.ActiveCfg = Release|Win32
		{8720349F-6293-49C3-B0AF-47E610134ECC}.Release|x86.Build.0 = Release|Win32
		{C8F3BAEB-6C69-4DD1-B1C7-BC444A15E8FF}.Debug|x64.ActiveCfg = Debug|x64
		{C8F3BAEB-6C69-4DD1-B1C7-BC444A15E8FF}.Debug|x64.Build.0 = Debug|x64
		{C8F3BAEB-6C69-4DD1-B1C7-BC444A15E8FF}.Debug|x86.ActiveCfg = Debug|Win32
		{C8F3BAEB-6C69-4DD1-B1C7-BC444A15E8FF}.Debug|x86.Build.0 = Debug|Win32
		{C8F3BAEB-6C69-4DD1-B1C7-BC444A15E8FF}.Release|x64.ActiveCfg = Release|x64
		{C8F3BAEB-6C69-4DD1-B1C7-BC444A15E8FF}.Release|x64.Build.0 = Release|x64
		{C8F3BAEB-6C69-4DD1-B1C7-BC444A15E8FF}.Release|x86.ActiveCfg = Release|Win32
		{C8F3BAEB-6C69-4DD1-B1C7-BC444A15E8FF}.Release|x86.Build.0 = Release|Win32
	EndGlobalSection
	GlobalSection(SolutionProperties) = preSolution
		HideSolutionNode = FALSE
	EndGlobalSection
	GlobalSection(ExtensibilityGlobals) = postSolution
		SolutionGuid = {841EA72E-99C6-42C0-BFBA-CECE9E6B5CB8}
	EndGlobalSection
EndGlobal
