
Microsoft Visual Studio Solution File, Format Version 12.00
# Visual Studio Version 17
VisualStudioVersion = 17.5.33424.131
MinimumVisualStudioVersion = 10.0.40219.1
Project("{8BC9CEB8-8B4A-11D0-8D11-00A0C91BC942}") = "gtest", "gtest\lab_6.vcxproj", "{71AE2718-3090-4526-B3A5-A3BB5EE8519D}"
EndProject
Project("{8BC9CEB8-8B4A-11D0-8D11-00A0C91BC942}") = "polinom", "polinom\Project1.vcxproj", "{50B7C1B2-80C3-4833-80CB-83940645371A}"
EndProject
Project("{8BC9CEB8-8B4A-11D0-8D11-00A0C91BC942}") = "polinomlib", "polinom\polinomlib\Project2.vcxproj", "{E076DCE8-17C9-4CFE-A568-981F95F2811F}"
EndProject
Project("{8BC9CEB8-8B4A-11D0-8D11-00A0C91BC942}") = "listlib", "polinom\listlib\Project3.vcxproj", "{6ECFE2EC-0BF4-4079-AF06-5917EE252B95}"
EndProject
Project("{8BC9CEB8-8B4A-11D0-8D11-00A0C91BC942}") = "test", "polinom\test\test.vcxproj", "{7BC34377-CA08-4B5D-930C-74C00862EA01}"
EndProject
Project("{8BC9CEB8-8B4A-11D0-8D11-00A0C91BC942}") = "postfix", "postfix\postfix.vcxproj", "{69F9EC6E-5FDA-4B13-84E7-38E05C1CF0FA}"
EndProject
Project("{8BC9CEB8-8B4A-11D0-8D11-00A0C91BC942}") = "postfixlib", "postfix\postfixlib\postfixlib.vcxproj", "{623F8C92-2BDD-45CB-874E-D86A739D7C8A}"
EndProject
Project("{8BC9CEB8-8B4A-11D0-8D11-00A0C91BC942}") = "stack", "postfix\stack\stack.vcxproj", "{39EC7351-EFC7-452C-A5B3-5B3A50D81D87}"
EndProject
Project("{8BC9CEB8-8B4A-11D0-8D11-00A0C91BC942}") = "stacklib", "postfix\stack\stacklib\stacklib.vcxproj", "{B5584430-01DF-4A28-9C72-56691A85DAC4}"
EndProject
Project("{8BC9CEB8-8B4A-11D0-8D11-00A0C91BC942}") = "testPos", "postfix\testPos\testPos.vcxproj", "{1BD36B49-E74F-4057-868E-D68EF1994C2D}"
EndProject
Project("{8BC9CEB8-8B4A-11D0-8D11-00A0C91BC942}") = "testStack", "postfix\stack\testStack\testStack.vcxproj", "{557D11CD-3BAA-46D3-B73B-41B9799FDB62}"
EndProject
Project("{8BC9CEB8-8B4A-11D0-8D11-00A0C91BC942}") = "tablichka", "tablichka\tablichka.vcxproj", "{9E7D5F2B-CA53-4A12-A1B9-E2CD58967E7B}"
EndProject
Project("{8BC9CEB8-8B4A-11D0-8D11-00A0C91BC942}") = "LinerOnArray", "tablichka\LinerOnArray\LinerOnArray.vcxproj", "{C24E0251-219E-4306-95D2-1277FF9C285C}"
EndProject
Project("{8BC9CEB8-8B4A-11D0-8D11-00A0C91BC942}") = "HashChain", "tablichka\HashChain\HashChain.vcxproj", "{002FF052-5D66-4989-8B43-E8E59D63826E}"
EndProject
Project("{8BC9CEB8-8B4A-11D0-8D11-00A0C91BC942}") = "HashList", "tablichka\HashList\HashList.vcxproj", "{48F1F4C6-782E-4978-87BC-3319C0332212}"
EndProject
Project("{8BC9CEB8-8B4A-11D0-8D11-00A0C91BC942}") = "LinearOnList", "tablichka\LinearOnList\LinearOnList.vcxproj", "{00069431-3738-4C00-BCDE-A5A04382E1D1}"
EndProject
Project("{8BC9CEB8-8B4A-11D0-8D11-00A0C91BC942}") = "OrderedOnArray", "tablichka\OrderedOnArray\OrderedOnArray.vcxproj", "{371899F5-499D-45F8-A408-A8826F467A05}"
EndProject
Project("{8BC9CEB8-8B4A-11D0-8D11-00A0C91BC942}") = "Tree", "tablichka\Tree\Tree.vcxproj", "{ECEDBFD7-5945-42C0-921A-DD25832202ED}"
EndProject
Project("{8BC9CEB8-8B4A-11D0-8D11-00A0C91BC942}") = "test_tablichka", "tablichka\test_tablichka\test_tablichka.vcxproj", "{E018A78C-044C-4C5D-8AA0-1394A5F60AA0}"
EndProject
Global
	GlobalSection(SolutionConfigurationPlatforms) = preSolution
		Debug|x64 = Debug|x64
		Debug|x86 = Debug|x86
		Release|x64 = Release|x64
		Release|x86 = Release|x86
	EndGlobalSection
	GlobalSection(ProjectConfigurationPlatforms) = postSolution
		{71AE2718-3090-4526-B3A5-A3BB5EE8519D}.Debug|x64.ActiveCfg = Debug|x64
		{71AE2718-3090-4526-B3A5-A3BB5EE8519D}.Debug|x64.Build.0 = Debug|x64
		{71AE2718-3090-4526-B3A5-A3BB5EE8519D}.Debug|x86.ActiveCfg = Debug|Win32
		{71AE2718-3090-4526-B3A5-A3BB5EE8519D}.Debug|x86.Build.0 = Debug|Win32
		{71AE2718-3090-4526-B3A5-A3BB5EE8519D}.Release|x64.ActiveCfg = Release|x64
		{71AE2718-3090-4526-B3A5-A3BB5EE8519D}.Release|x64.Build.0 = Release|x64
		{71AE2718-3090-4526-B3A5-A3BB5EE8519D}.Release|x86.ActiveCfg = Release|Win32
		{71AE2718-3090-4526-B3A5-A3BB5EE8519D}.Release|x86.Build.0 = Release|Win32
		{50B7C1B2-80C3-4833-80CB-83940645371A}.Debug|x64.ActiveCfg = Debug|x64
		{50B7C1B2-80C3-4833-80CB-83940645371A}.Debug|x64.Build.0 = Debug|x64
		{50B7C1B2-80C3-4833-80CB-83940645371A}.Debug|x86.ActiveCfg = Debug|Win32
		{50B7C1B2-80C3-4833-80CB-83940645371A}.Debug|x86.Build.0 = Debug|Win32
		{50B7C1B2-80C3-4833-80CB-83940645371A}.Release|x64.ActiveCfg = Release|x64
		{50B7C1B2-80C3-4833-80CB-83940645371A}.Release|x64.Build.0 = Release|x64
		{50B7C1B2-80C3-4833-80CB-83940645371A}.Release|x86.ActiveCfg = Release|Win32
		{50B7C1B2-80C3-4833-80CB-83940645371A}.Release|x86.Build.0 = Release|Win32
		{E076DCE8-17C9-4CFE-A568-981F95F2811F}.Debug|x64.ActiveCfg = Debug|x64
		{E076DCE8-17C9-4CFE-A568-981F95F2811F}.Debug|x64.Build.0 = Debug|x64
		{E076DCE8-17C9-4CFE-A568-981F95F2811F}.Debug|x86.ActiveCfg = Debug|Win32
		{E076DCE8-17C9-4CFE-A568-981F95F2811F}.Debug|x86.Build.0 = Debug|Win32
		{E076DCE8-17C9-4CFE-A568-981F95F2811F}.Release|x64.ActiveCfg = Release|x64
		{E076DCE8-17C9-4CFE-A568-981F95F2811F}.Release|x64.Build.0 = Release|x64
		{E076DCE8-17C9-4CFE-A568-981F95F2811F}.Release|x86.ActiveCfg = Release|Win32
		{E076DCE8-17C9-4CFE-A568-981F95F2811F}.Release|x86.Build.0 = Release|Win32
		{6ECFE2EC-0BF4-4079-AF06-5917EE252B95}.Debug|x64.ActiveCfg = Debug|x64
		{6ECFE2EC-0BF4-4079-AF06-5917EE252B95}.Debug|x64.Build.0 = Debug|x64
		{6ECFE2EC-0BF4-4079-AF06-5917EE252B95}.Debug|x86.ActiveCfg = Debug|Win32
		{6ECFE2EC-0BF4-4079-AF06-5917EE252B95}.Debug|x86.Build.0 = Debug|Win32
		{6ECFE2EC-0BF4-4079-AF06-5917EE252B95}.Release|x64.ActiveCfg = Release|x64
		{6ECFE2EC-0BF4-4079-AF06-5917EE252B95}.Release|x64.Build.0 = Release|x64
		{6ECFE2EC-0BF4-4079-AF06-5917EE252B95}.Release|x86.ActiveCfg = Release|Win32
		{6ECFE2EC-0BF4-4079-AF06-5917EE252B95}.Release|x86.Build.0 = Release|Win32
		{7BC34377-CA08-4B5D-930C-74C00862EA01}.Debug|x64.ActiveCfg = Debug|x64
		{7BC34377-CA08-4B5D-930C-74C00862EA01}.Debug|x64.Build.0 = Debug|x64
		{7BC34377-CA08-4B5D-930C-74C00862EA01}.Debug|x86.ActiveCfg = Debug|Win32
		{7BC34377-CA08-4B5D-930C-74C00862EA01}.Debug|x86.Build.0 = Debug|Win32
		{7BC34377-CA08-4B5D-930C-74C00862EA01}.Release|x64.ActiveCfg = Release|x64
		{7BC34377-CA08-4B5D-930C-74C00862EA01}.Release|x64.Build.0 = Release|x64
		{7BC34377-CA08-4B5D-930C-74C00862EA01}.Release|x86.ActiveCfg = Release|Win32
		{7BC34377-CA08-4B5D-930C-74C00862EA01}.Release|x86.Build.0 = Release|Win32
		{69F9EC6E-5FDA-4B13-84E7-38E05C1CF0FA}.Debug|x64.ActiveCfg = Debug|x64
		{69F9EC6E-5FDA-4B13-84E7-38E05C1CF0FA}.Debug|x64.Build.0 = Debug|x64
		{69F9EC6E-5FDA-4B13-84E7-38E05C1CF0FA}.Debug|x86.ActiveCfg = Debug|Win32
		{69F9EC6E-5FDA-4B13-84E7-38E05C1CF0FA}.Debug|x86.Build.0 = Debug|Win32
		{69F9EC6E-5FDA-4B13-84E7-38E05C1CF0FA}.Release|x64.ActiveCfg = Release|x64
		{69F9EC6E-5FDA-4B13-84E7-38E05C1CF0FA}.Release|x64.Build.0 = Release|x64
		{69F9EC6E-5FDA-4B13-84E7-38E05C1CF0FA}.Release|x86.ActiveCfg = Release|Win32
		{69F9EC6E-5FDA-4B13-84E7-38E05C1CF0FA}.Release|x86.Build.0 = Release|Win32
		{623F8C92-2BDD-45CB-874E-D86A739D7C8A}.Debug|x64.ActiveCfg = Debug|x64
		{623F8C92-2BDD-45CB-874E-D86A739D7C8A}.Debug|x64.Build.0 = Debug|x64
		{623F8C92-2BDD-45CB-874E-D86A739D7C8A}.Debug|x86.ActiveCfg = Debug|Win32
		{623F8C92-2BDD-45CB-874E-D86A739D7C8A}.Debug|x86.Build.0 = Debug|Win32
		{623F8C92-2BDD-45CB-874E-D86A739D7C8A}.Release|x64.ActiveCfg = Release|x64
		{623F8C92-2BDD-45CB-874E-D86A739D7C8A}.Release|x64.Build.0 = Release|x64
		{623F8C92-2BDD-45CB-874E-D86A739D7C8A}.Release|x86.ActiveCfg = Release|Win32
		{623F8C92-2BDD-45CB-874E-D86A739D7C8A}.Release|x86.Build.0 = Release|Win32
		{39EC7351-EFC7-452C-A5B3-5B3A50D81D87}.Debug|x64.ActiveCfg = Debug|x64
		{39EC7351-EFC7-452C-A5B3-5B3A50D81D87}.Debug|x64.Build.0 = Debug|x64
		{39EC7351-EFC7-452C-A5B3-5B3A50D81D87}.Debug|x86.ActiveCfg = Debug|Win32
		{39EC7351-EFC7-452C-A5B3-5B3A50D81D87}.Debug|x86.Build.0 = Debug|Win32
		{39EC7351-EFC7-452C-A5B3-5B3A50D81D87}.Release|x64.ActiveCfg = Release|x64
		{39EC7351-EFC7-452C-A5B3-5B3A50D81D87}.Release|x64.Build.0 = Release|x64
		{39EC7351-EFC7-452C-A5B3-5B3A50D81D87}.Release|x86.ActiveCfg = Release|Win32
		{39EC7351-EFC7-452C-A5B3-5B3A50D81D87}.Release|x86.Build.0 = Release|Win32
		{B5584430-01DF-4A28-9C72-56691A85DAC4}.Debug|x64.ActiveCfg = Debug|x64
		{B5584430-01DF-4A28-9C72-56691A85DAC4}.Debug|x64.Build.0 = Debug|x64
		{B5584430-01DF-4A28-9C72-56691A85DAC4}.Debug|x86.ActiveCfg = Debug|Win32
		{B5584430-01DF-4A28-9C72-56691A85DAC4}.Debug|x86.Build.0 = Debug|Win32
		{B5584430-01DF-4A28-9C72-56691A85DAC4}.Release|x64.ActiveCfg = Release|x64
		{B5584430-01DF-4A28-9C72-56691A85DAC4}.Release|x64.Build.0 = Release|x64
		{B5584430-01DF-4A28-9C72-56691A85DAC4}.Release|x86.ActiveCfg = Release|Win32
		{B5584430-01DF-4A28-9C72-56691A85DAC4}.Release|x86.Build.0 = Release|Win32
		{1BD36B49-E74F-4057-868E-D68EF1994C2D}.Debug|x64.ActiveCfg = Debug|x64
		{1BD36B49-E74F-4057-868E-D68EF1994C2D}.Debug|x64.Build.0 = Debug|x64
		{1BD36B49-E74F-4057-868E-D68EF1994C2D}.Debug|x86.ActiveCfg = Debug|Win32
		{1BD36B49-E74F-4057-868E-D68EF1994C2D}.Debug|x86.Build.0 = Debug|Win32
		{1BD36B49-E74F-4057-868E-D68EF1994C2D}.Release|x64.ActiveCfg = Release|x64
		{1BD36B49-E74F-4057-868E-D68EF1994C2D}.Release|x64.Build.0 = Release|x64
		{1BD36B49-E74F-4057-868E-D68EF1994C2D}.Release|x86.ActiveCfg = Release|Win32
		{1BD36B49-E74F-4057-868E-D68EF1994C2D}.Release|x86.Build.0 = Release|Win32
		{557D11CD-3BAA-46D3-B73B-41B9799FDB62}.Debug|x64.ActiveCfg = Debug|x64
		{557D11CD-3BAA-46D3-B73B-41B9799FDB62}.Debug|x64.Build.0 = Debug|x64
		{557D11CD-3BAA-46D3-B73B-41B9799FDB62}.Debug|x86.ActiveCfg = Debug|Win32
		{557D11CD-3BAA-46D3-B73B-41B9799FDB62}.Debug|x86.Build.0 = Debug|Win32
		{557D11CD-3BAA-46D3-B73B-41B9799FDB62}.Release|x64.ActiveCfg = Release|x64
		{557D11CD-3BAA-46D3-B73B-41B9799FDB62}.Release|x64.Build.0 = Release|x64
		{557D11CD-3BAA-46D3-B73B-41B9799FDB62}.Release|x86.ActiveCfg = Release|Win32
		{557D11CD-3BAA-46D3-B73B-41B9799FDB62}.Release|x86.Build.0 = Release|Win32
		{9E7D5F2B-CA53-4A12-A1B9-E2CD58967E7B}.Debug|x64.ActiveCfg = Debug|x64
		{9E7D5F2B-CA53-4A12-A1B9-E2CD58967E7B}.Debug|x64.Build.0 = Debug|x64
		{9E7D5F2B-CA53-4A12-A1B9-E2CD58967E7B}.Debug|x86.ActiveCfg = Debug|Win32
		{9E7D5F2B-CA53-4A12-A1B9-E2CD58967E7B}.Debug|x86.Build.0 = Debug|Win32
		{9E7D5F2B-CA53-4A12-A1B9-E2CD58967E7B}.Release|x64.ActiveCfg = Release|x64
		{9E7D5F2B-CA53-4A12-A1B9-E2CD58967E7B}.Release|x64.Build.0 = Release|x64
		{9E7D5F2B-CA53-4A12-A1B9-E2CD58967E7B}.Release|x86.ActiveCfg = Release|Win32
		{9E7D5F2B-CA53-4A12-A1B9-E2CD58967E7B}.Release|x86.Build.0 = Release|Win32
		{C24E0251-219E-4306-95D2-1277FF9C285C}.Debug|x64.ActiveCfg = Debug|x64
		{C24E0251-219E-4306-95D2-1277FF9C285C}.Debug|x64.Build.0 = Debug|x64
		{C24E0251-219E-4306-95D2-1277FF9C285C}.Debug|x86.ActiveCfg = Debug|Win32
		{C24E0251-219E-4306-95D2-1277FF9C285C}.Debug|x86.Build.0 = Debug|Win32
		{C24E0251-219E-4306-95D2-1277FF9C285C}.Release|x64.ActiveCfg = Release|x64
		{C24E0251-219E-4306-95D2-1277FF9C285C}.Release|x64.Build.0 = Release|x64
		{C24E0251-219E-4306-95D2-1277FF9C285C}.Release|x86.ActiveCfg = Release|Win32
		{C24E0251-219E-4306-95D2-1277FF9C285C}.Release|x86.Build.0 = Release|Win32
		{002FF052-5D66-4989-8B43-E8E59D63826E}.Debug|x64.ActiveCfg = Debug|x64
		{002FF052-5D66-4989-8B43-E8E59D63826E}.Debug|x64.Build.0 = Debug|x64
		{002FF052-5D66-4989-8B43-E8E59D63826E}.Debug|x86.ActiveCfg = Debug|Win32
		{002FF052-5D66-4989-8B43-E8E59D63826E}.Debug|x86.Build.0 = Debug|Win32
		{002FF052-5D66-4989-8B43-E8E59D63826E}.Release|x64.ActiveCfg = Release|x64
		{002FF052-5D66-4989-8B43-E8E59D63826E}.Release|x64.Build.0 = Release|x64
		{002FF052-5D66-4989-8B43-E8E59D63826E}.Release|x86.ActiveCfg = Release|Win32
		{002FF052-5D66-4989-8B43-E8E59D63826E}.Release|x86.Build.0 = Release|Win32
		{48F1F4C6-782E-4978-87BC-3319C0332212}.Debug|x64.ActiveCfg = Debug|x64
		{48F1F4C6-782E-4978-87BC-3319C0332212}.Debug|x64.Build.0 = Debug|x64
		{48F1F4C6-782E-4978-87BC-3319C0332212}.Debug|x86.ActiveCfg = Debug|Win32
		{48F1F4C6-782E-4978-87BC-3319C0332212}.Debug|x86.Build.0 = Debug|Win32
		{48F1F4C6-782E-4978-87BC-3319C0332212}.Release|x64.ActiveCfg = Release|x64
		{48F1F4C6-782E-4978-87BC-3319C0332212}.Release|x64.Build.0 = Release|x64
		{48F1F4C6-782E-4978-87BC-3319C0332212}.Release|x86.ActiveCfg = Release|Win32
		{48F1F4C6-782E-4978-87BC-3319C0332212}.Release|x86.Build.0 = Release|Win32
		{00069431-3738-4C00-BCDE-A5A04382E1D1}.Debug|x64.ActiveCfg = Debug|x64
		{00069431-3738-4C00-BCDE-A5A04382E1D1}.Debug|x64.Build.0 = Debug|x64
		{00069431-3738-4C00-BCDE-A5A04382E1D1}.Debug|x86.ActiveCfg = Debug|Win32
		{00069431-3738-4C00-BCDE-A5A04382E1D1}.Debug|x86.Build.0 = Debug|Win32
		{00069431-3738-4C00-BCDE-A5A04382E1D1}.Release|x64.ActiveCfg = Release|x64
		{00069431-3738-4C00-BCDE-A5A04382E1D1}.Release|x64.Build.0 = Release|x64
		{00069431-3738-4C00-BCDE-A5A04382E1D1}.Release|x86.ActiveCfg = Release|Win32
		{00069431-3738-4C00-BCDE-A5A04382E1D1}.Release|x86.Build.0 = Release|Win32
		{371899F5-499D-45F8-A408-A8826F467A05}.Debug|x64.ActiveCfg = Debug|x64
		{371899F5-499D-45F8-A408-A8826F467A05}.Debug|x64.Build.0 = Debug|x64
		{371899F5-499D-45F8-A408-A8826F467A05}.Debug|x86.ActiveCfg = Debug|Win32
		{371899F5-499D-45F8-A408-A8826F467A05}.Debug|x86.Build.0 = Debug|Win32
		{371899F5-499D-45F8-A408-A8826F467A05}.Release|x64.ActiveCfg = Release|x64
		{371899F5-499D-45F8-A408-A8826F467A05}.Release|x64.Build.0 = Release|x64
		{371899F5-499D-45F8-A408-A8826F467A05}.Release|x86.ActiveCfg = Release|Win32
		{371899F5-499D-45F8-A408-A8826F467A05}.Release|x86.Build.0 = Release|Win32
		{ECEDBFD7-5945-42C0-921A-DD25832202ED}.Debug|x64.ActiveCfg = Debug|x64
		{ECEDBFD7-5945-42C0-921A-DD25832202ED}.Debug|x64.Build.0 = Debug|x64
		{ECEDBFD7-5945-42C0-921A-DD25832202ED}.Debug|x86.ActiveCfg = Debug|Win32
		{ECEDBFD7-5945-42C0-921A-DD25832202ED}.Debug|x86.Build.0 = Debug|Win32
		{ECEDBFD7-5945-42C0-921A-DD25832202ED}.Release|x64.ActiveCfg = Release|x64
		{ECEDBFD7-5945-42C0-921A-DD25832202ED}.Release|x64.Build.0 = Release|x64
		{ECEDBFD7-5945-42C0-921A-DD25832202ED}.Release|x86.ActiveCfg = Release|Win32
		{ECEDBFD7-5945-42C0-921A-DD25832202ED}.Release|x86.Build.0 = Release|Win32
		{E018A78C-044C-4C5D-8AA0-1394A5F60AA0}.Debug|x64.ActiveCfg = Debug|x64
		{E018A78C-044C-4C5D-8AA0-1394A5F60AA0}.Debug|x64.Build.0 = Debug|x64
		{E018A78C-044C-4C5D-8AA0-1394A5F60AA0}.Debug|x86.ActiveCfg = Debug|Win32
		{E018A78C-044C-4C5D-8AA0-1394A5F60AA0}.Debug|x86.Build.0 = Debug|Win32
		{E018A78C-044C-4C5D-8AA0-1394A5F60AA0}.Release|x64.ActiveCfg = Release|x64
		{E018A78C-044C-4C5D-8AA0-1394A5F60AA0}.Release|x64.Build.0 = Release|x64
		{E018A78C-044C-4C5D-8AA0-1394A5F60AA0}.Release|x86.ActiveCfg = Release|Win32
		{E018A78C-044C-4C5D-8AA0-1394A5F60AA0}.Release|x86.Build.0 = Release|Win32
	EndGlobalSection
	GlobalSection(SolutionProperties) = preSolution
		HideSolutionNode = FALSE
	EndGlobalSection
	GlobalSection(ExtensibilityGlobals) = postSolution
		SolutionGuid = {2069D448-8D5F-437D-AC47-DB0A13A6499B}
	EndGlobalSection
EndGlobal
